
Microsoft Visual Studio Solution File, Format Version 12.00
# Visual Studio Version 16
VisualStudioVersion = 16.0.30011.22
MinimumVisualStudioVersion = 10.0.40219.1
Project("{FAE04EC0-301F-11D3-BF4B-00C04F79EFBC}") = "MatchGamwe", "MatchGamwe\MatchGamwe.csproj", "{5D604C56-8305-4118-82C5-E891BA81C6C6}"
EndProject
Global
	GlobalSection(SolutionConfigurationPlatforms) = preSolution
		Debug|Any CPU = Debug|Any CPU
		Release|Any CPU = Release|Any CPU
	EndGlobalSection
	GlobalSection(ProjectConfigurationPlatforms) = postSolution
		{5D604C56-8305-4118-82C5-E891BA81C6C6}.Debug|Any CPU.ActiveCfg = Debug|Any CPU
		{5D604C56-8305-4118-82C5-E891BA81C6C6}.Debug|Any CPU.Build.0 = Debug|Any CPU
		{5D604C56-8305-4118-82C5-E891BA81C6C6}.Release|Any CPU.ActiveCfg = Release|Any CPU
		{5D604C56-8305-4118-82C5-E891BA81C6C6}.Release|Any CPU.Build.0 = Release|Any CPU
	EndGlobalSection
	GlobalSection(SolutionProperties) = preSolution
		HideSolutionNode = FALSE
	EndGlobalSection
	GlobalSection(ExtensibilityGlobals) = postSolution
		SolutionGuid = {5F7D4B78-C054-41A5-A3CB-71C71569D8EE}
	EndGlobalSection
EndGlobal
